{
	"name": "@straccia17/core",
	"version": "1.0.2",
	"lockfileVersion": 1,
	"requires": true,
	"dependencies": {
		"esbuild": {
			"version": "0.8.31",
			"resolved": "https://registry.npmjs.org/esbuild/-/esbuild-0.8.31.tgz",
			"integrity": "sha512-7EIU0VdUxltwivjVezX3HgeNzeIVR1snkrAo57WdUnuBMykdzin5rTrxwCDM6xQqj0RL/HjOEm3wFr2ijHKeaA==",
			"dev": true
		}
	}
}
